#include <iostream>
#include <iomanip>
#include <string>

using namespace std;

int main()
{
    setlocale(0, "");
    string alphabet{ "абвгдеёжзийклмнопрстуфхцщьъэюя" };
    int freq[256] = { 0 };
    string s;
    cout << "Enter string:" << endl;
    getline(cin, s);

    for (auto c : s) {
        freq[c]++;
    }

    int totalCount = 0;
    for (auto letter : alphabet) {
        totalCount += freq[letter];
    }

    for (auto letter : alphabet) {
        cout << letter
            << " => " << freq[letter] // сколько раз встретилась буква
            << " => " << double(freq[letter]) / totalCount // частота
            << endl;
    }

    cout << endl << "Total letters: " << totalCount << endl;

    return 0;
}
